# THIS IS AN AUTOGENERATED FILE. DO NOT EDIT THIS FILE DIRECTLY.
# yarn lockfile v1


asap@~2.0.3:
  version "2.0.5"
  resolved "https://registry.yarnpkg.com/asap/-/asap-2.0.5.tgz#522765b50c3510490e52d7dcfe085ef9ba96958f"

async-to-gen@1.1.4:
  version "1.1.4"
  resolved "https://registry.yarnpkg.com/async-to-gen/-/async-to-gen-1.1.4.tgz#0baa2a75d5b22b411054d5c85e4a0c06fcf9768d"
  dependencies:
    babylon "^6.11.4"
    magic-string "^0.16.0"

babylon@^6.11.4:
  version "6.14.1"
  resolved "https://registry.yarnpkg.com/babylon/-/babylon-6.14.1.tgz#956275fab72753ad9b3435d7afe58f8bf0a29815"

bytes@2.4.0:
  version "2.4.0"
  resolved "https://registry.yarnpkg.com/bytes/-/bytes-2.4.0.tgz#7d97196f9d5baf7f6935e25985549edd2a6c2339"

flat-file-db@^1.0.0:
  version "1.0.0"
  resolved "https://registry.yarnpkg.com/flat-file-db/-/flat-file-db-1.0.0.tgz#08ccbd71326ce2ac31f1cc9607ba713cb8b678fb"
  dependencies:
    mkdirp "~0.3.5"

iconv-lite@0.4.13:
  version "0.4.13"
  resolved "https://registry.yarnpkg.com/iconv-lite/-/iconv-lite-0.4.13.tgz#1f88aba4ab0b1508e8312acc39345f36e992e2f2"

isstream@0.1.2:
  version "0.1.2"
  resolved "https://registry.yarnpkg.com/isstream/-/isstream-0.1.2.tgz#47e63f7af55afa6f92e1500e690eb8b8529c099a"

magic-string@^0.16.0:
  version "0.16.0"
  resolved "https://registry.yarnpkg.com/magic-string/-/magic-string-0.16.0.tgz#970ebb0da7193301285fb1aa650f39bdd81eb45a"
  dependencies:
    vlq "^0.2.1"

media-typer@0.3.0:
  version "0.3.0"
  resolved "https://registry.yarnpkg.com/media-typer/-/media-typer-0.3.0.tgz#8710d7af0aa626f8fffa1ce00168545263255748"

micro@6.1.0:
  version "6.1.0"
  resolved "https://registry.yarnpkg.com/micro/-/micro-6.1.0.tgz#c933e1dd90dea56b0517b62b2af00d3f5351d79d"
  dependencies:
    async-to-gen "1.1.4"
    isstream "0.1.2"
    media-typer "0.3.0"
    minimist "1.2.0"
    raw-body "2.1.7"

minimist@1.2.0:
  version "1.2.0"
  resolved "https://registry.yarnpkg.com/minimist/-/minimist-1.2.0.tgz#a35008b20f41383eec1fb914f4cd5df79a264284"

mkdirp@~0.3.5:
  version "0.3.5"
  resolved "https://registry.yarnpkg.com/mkdirp/-/mkdirp-0.3.5.tgz#de3e5f8961c88c787ee1368df849ac4413eca8d7"

promise@^7.1.1:
  version "7.1.1"
  resolved "https://registry.yarnpkg.com/promise/-/promise-7.1.1.tgz#489654c692616b8aa55b0724fa809bb7db49c5bf"
  dependencies:
    asap "~2.0.3"

raw-body@2.1.7:
  version "2.1.7"
  resolved "https://registry.yarnpkg.com/raw-body/-/raw-body-2.1.7.tgz#adfeace2e4fb3098058014d08c072dcc59758774"
  dependencies:
    bytes "2.4.0"
    iconv-lite "0.4.13"
    unpipe "1.0.0"

unpipe@1.0.0:
  version "1.0.0"
  resolved "https://registry.yarnpkg.com/unpipe/-/unpipe-1.0.0.tgz#b2bf4ee8514aae6165b4817829d21b2ef49904ec"

vlq@^0.2.1:
  version "0.2.1"
  resolved "https://registry.yarnpkg.com/vlq/-/vlq-0.2.1.tgz#14439d711891e682535467f8587c5630e4222a6c"
