# THIS IS AN AUTOGENERATED FILE. DO NOT EDIT THIS FILE DIRECTLY.
# yarn lockfile v1


escape-regex@^1.0.7:
  version "1.0.7"
  resolved "https://registry.yarnpkg.com/escape-regex/-/escape-regex-1.0.7.tgz#8cade58dcb97d1c15a092148d4562e4e621eb366"

micro-analytics-adapter-utils@^0.0.1:
  version "0.0.1"
  resolved "https://registry.yarnpkg.com/micro-analytics-adapter-utils/-/micro-analytics-adapter-utils-0.0.1.tgz#e953f4795980da1fa758083004fd43cc975ceea6"
  dependencies:
    escape-regex "^1.0.7"

zen-observable@^0.5.1:
  version "0.5.1"
  resolved "https://registry.yarnpkg.com/zen-observable/-/zen-observable-0.5.1.tgz#a2a57908a276b569504f42fdf2fa2f643bc02d72"
